// !$*UTF8*$!
{
	archiveVersion = 1;
	classes = {
	};
	objectVersion = 46;
	objects = {

/* Begin PBXBuildFile section */
		C9D337C81DA3985900CD196E /* AppDelegate.swift in Sources */ = {isa = PBXBuildFile; fileRef = C9D337C71DA3985900CD196E /* AppDelegate.swift */; };
		C9D337CA1DA3985900CD196E /* ViewController.swift in Sources */ = {isa = PBXBuildFile; fileRef = C9D337C91DA3985900CD196E /* ViewController.swift */; };
		C9D337CD1DA3985900CD196E /* Main.storyboard in Resources */ = {isa = PBXBuildFile; fileRef = C9D337CB1DA3985900CD196E /* Main.storyboard */; };
		C9D337CF1DA3985900CD196E /* Assets.xcassets in Resources */ = {isa = PBXBuildFile; fileRef = C9D337CE1DA3985900CD196E /* Assets.xcassets */; };
		C9D337D21DA3985900CD196E /* LaunchScreen.storyboard in Resources */ = {isa = PBXBuildFile; fileRef = C9D337D01DA3985900CD196E /* LaunchScreen.storyboard */; };
		C9D337DD1DA3985900CD196E /* Hello_iOSTests.swift in Sources */ = {isa = PBXBuildFile; fileRef = C9D337DC1DA3985900CD196E /* Hello_iOSTests.swift */; };
		C9D337E81DA3985900CD196E /* Hello_iOSUITests.swift in Sources */ = {isa = PBXBuildFile; fileRef = C9D337E71DA3985900CD196E /* Hello_iOSUITests.swift */; };
/* End PBXBuildFile section */

/* Begin PBXContainerItemProxy section */
		C9D337D91DA3985900CD196E /* PBXContainerItemProxy */ = {
			isa = PBXContainerItemProxy;
			containerPortal = C9D337BC1DA3985900CD196E /* Project object */;
			proxyType = 1;
			remoteGlobalIDString = C9D337C31DA3985900CD196E;
			remoteInfo = "Hello-iOS";
		};
		C9D337E41DA3985900CD196E /* PBXContainerItemProxy */ = {
			isa = PBXContainerItemProxy;
			containerPortal = C9D337BC1DA3985900CD196E /* Project object */;
			proxyType = 1;
			remoteGlobalIDString = C9D337C31DA3985900CD196E;
			remoteInfo = "Hello-iOS";
		};
/* End PBXContainerItemProxy section */

/* Begin PBXFileReference section */
		C9D337C41DA3985900CD196E /* Hello-iOS.app */ = {isa = PBXFileReference; explicitFileType = wrapper.application; includeInIndex = 0; path = "Hello-iOS.app"; sourceTree = BUILT_PRODUCTS_DIR; };
		C9D337C71DA3985900CD196E /* AppDelegate.swift */ = {isa = PBXFileReference; lastKnownFileType = sourcecode.swift; path = AppDelegate.swift; sourceTree = "<group>"; };
		C9D337C91DA3985900CD196E /* ViewController.swift */ = {isa = PBXFileReference; lastKnownFileType = sourcecode.swift; path = ViewController.swift; sourceTree = "<group>"; };
		C9D337CC1DA3985900CD196E /* Base */ = {isa = PBXFileReference; lastKnownFileType = file.storyboard; name = Base; path = Base.lproj/Main.storyboard; sourceTree = "<group>"; };
		C9D337CE1DA3985900CD196E /* Assets.xcassets */ = {isa = PBXFileReference; lastKnownFileType = folder.assetcatalog; path = Assets.xcassets; sourceTree = "<group>"; };
		C9D337D11DA3985900CD196E /* Base */ = {isa = PBXFileReference; lastKnownFileType = file.storyboard; name = Base; path = Base.lproj/LaunchScreen.storyboard; sourceTree = "<group>"; };
		C9D337D31DA3985900CD196E /* Info.plist */ = {isa = PBXFileReference; lastKnownFileType = text.plist.xml; path = Info.plist; sourceTree = "<group>"; };
		C9D337D81DA3985900CD196E /* Hello-iOSTests.xctest */ = {isa = PBXFileReference; explicitFileType = wrapper.cfbundle; includeInIndex = 0; path = "Hello-iOSTests.xctest"; sourceTree = BUILT_PRODUCTS_DIR; };
		C9D337DC1DA3985900CD196E /* Hello_iOSTests.swift */ = {isa = PBXFileReference; lastKnownFileType = sourcecode.swift; path = Hello_iOSTests.swift; sourceTree = "<group>"; };
		C9D337DE1DA3985900CD196E /* Info.plist */ = {isa = PBXFileReference; lastKnownFileType = text.plist.xml; path = Info.plist; sourceTree = "<group>"; };
		C9D337E31DA3985900CD196E /* Hello-iOSUITests.xctest */ = {isa = PBXFileReference; explicitFileType = wrapper.cfbundle; includeInIndex = 0; path = "Hello-iOSUITests.xctest"; sourceTree = BUILT_PRODUCTS_DIR; };
		C9D337E71DA3985900CD196E /* Hello_iOSUITests.swift */ = {isa = PBXFileReference; lastKnownFileType = sourcecode.swift; path = Hello_iOSUITests.swift; sourceTree = "<group>"; };
		C9D337E91DA3985900CD196E /* Info.plist */ = {isa = PBXFileReference; lastKnownFileType = text.plist.xml; path = Info.plist; sourceTree = "<group>"; };
/* End PBXFileReference section */

/* Begin PBXFrameworksBuildPhase section */
		C9D337C11DA3985900CD196E /* Frameworks */ = {
			isa = PBXFrameworksBuildPhase;
			buildActionMask = 2147483647;
			files = (
			);
			runOnlyForDeploymentPostprocessing = 0;
		};
		C9D337D51DA3985900CD196E /* Frameworks */ = {
			isa = PBXFrameworksBuildPhase;
			buildActionMask = 2147483647;
			files = (
			);
			runOnlyForDeploymentPostprocessing = 0;
		};
		C9D337E01DA3985900CD196E /* Frameworks */ = {
			isa = PBXFrameworksBuildPhase;
			buildActionMask = 2147483647;
			files = (
			);
			runOnlyForDeploymentPostprocessing = 0;
		};
/* End PBXFrameworksBuildPhase section */

/* Begin PBXGroup section */
		C9D337BB1DA3985900CD196E = {
			isa = PBXGroup;
			children = (
				C9D337C61DA3985900CD196E /* Hello-iOS */,
				C9D337DB1DA3985900CD196E /* Hello-iOSTests */,
				C9D337E61DA3985900CD196E /* Hello-iOSUITests */,
				C9D337C51DA3985900CD196E /* Products */,
			);
			sourceTree = "<group>";
		};
		C9D337C51DA3985900CD196E /* Products */ = {
			isa = PBXGroup;
			children = (
				C9D337C41DA3985900CD196E /* Hello-iOS.app */,
				C9D337D81DA3985900CD196E /* Hello-iOSTests.xctest */,
				C9D337E31DA3985900CD196E /* Hello-iOSUITests.xctest */,
			);
			name = Products;
			sourceTree = "<group>";
		};
		C9D337C61DA3985900CD196E /* Hello-iOS */ = {
			isa = PBXGroup;
			children = (
				C9D337C71DA3985900CD196E /* AppDelegate.swift */,
				C9D337C91DA3985900CD196E /* ViewController.swift */,
				C9D337CB1DA3985900CD196E /* Main.storyboard */,
				C9D337CE1DA3985900CD196E /* Assets.xcassets */,
				C9D337D01DA3985900CD196E /* LaunchScreen.storyboard */,
				C9D337D31DA3985900CD196E /* Info.plist */,
			);
			path = "Hello-iOS";
			sourceTree = "<group>";
		};
		C9D337DB1DA3985900CD196E /* Hello-iOSTests */ = {
			isa = PBXGroup;
			children = (
				C9D337DC1DA3985900CD196E /* Hello_iOSTests.swift */,
				C9D337DE1DA3985900CD196E /* Info.plist */,
			);
			path = "Hello-iOSTests";
			sourceTree = "<group>";
		};
		C9D337E61DA3985900CD196E /* Hello-iOSUITests */ = {
			isa = PBXGroup;
			children = (
				C9D337E71DA3985900CD196E /* Hello_iOSUITests.swift */,
				C9D337E91DA3985900CD196E /* Info.plist */,
			);
			path = "Hello-iOSUITests";
			sourceTree = "<group>";
		};
/* End PBXGroup section */

/* Begin PBXNativeTarget section */
		C9D337C31DA3985900CD196E /* Hello-iOS */ = {
			isa = PBXNativeTarget;
			buildConfigurationList = C9D337EC1DA3985900CD196E /* Build configuration list for PBXNativeTarget "Hello-iOS" */;
			buildPhases = (
				C9D337C01DA3985900CD196E /* Sources */,
				C9D337C11DA3985900CD196E /* Frameworks */,
				C9D337C21DA3985900CD196E /* Resources */,
			);
			buildRules = (
			);
			dependencies = (
			);
			name = "Hello-iOS";
			productName = "Hello-iOS";
			productReference = C9D337C41DA3985900CD196E /* Hello-iOS.app */;
			productType = "com.apple.product-type.application";
		};
		C9D337D71DA3985900CD196E /* Hello-iOSTests */ = {
			isa = PBXNativeTarget;
			buildConfigurationList = C9D337EF1DA3985900CD196E /* Build configuration list for PBXNativeTarget "Hello-iOSTests" */;
			buildPhases = (
				C9D337D41DA3985900CD196E /* Sources */,
				C9D337D51DA3985900CD196E /* Frameworks */,
				C9D337D61DA3985900CD196E /* Resources */,
			);
			buildRules = (
			);
			dependencies = (
				C9D337DA1DA3985900CD196E /* PBXTargetDependency */,
			);
			name = "Hello-iOSTests";
			productName = "Hello-iOSTests";
			productReference = C9D337D81DA3985900CD196E /* Hello-iOSTests.xctest */;
			productType = "com.apple.product-type.bundle.unit-test";
		};
		C9D337E21DA3985900CD196E /* Hello-iOSUITests */ = {
			isa = PBXNativeTarget;
			buildConfigurationList = C9D337F21DA3985900CD196E /* Build configuration list for PBXNativeTarget "Hello-iOSUITests" */;
			buildPhases = (
				C9D337DF1DA3985900CD196E /* Sources */,
				C9D337E01DA3985900CD196E /* Frameworks */,
				C9D337E11DA3985900CD196E /* Resources */,
			);
			buildRules = (
			);
			dependencies = (
				C9D337E51DA3985900CD196E /* PBXTargetDependency */,
			);
			name = "Hello-iOSUITests";
			productName = "Hello-iOSUITests";
			productReference = C9D337E31DA3985900CD196E /* Hello-iOSUITests.xctest */;
			productType = "com.apple.product-type.bundle.ui-testing";
		};
/* End PBXNativeTarget section */

/* Begin PBXProject section */
		C9D337BC1DA3985900CD196E /* Project object */ = {
			isa = PBXProject;
			attributes = {
				LastSwiftUpdateCheck = 0800;
				LastUpgradeCheck = 0800;
				ORGANIZATIONNAME = "Matt Bond";
				TargetAttributes = {
					C9D337C31DA3985900CD196E = {
						CreatedOnToolsVersion = 8.0;
						DevelopmentTeam = ETMQ5VFD4P;
						ProvisioningStyle = Automatic;
					};
					C9D337D71DA3985900CD196E = {
						CreatedOnToolsVersion = 8.0;
						ProvisioningStyle = Automatic;
						TestTargetID = C9D337C31DA3985900CD196E;
					};
					C9D337E21DA3985900CD196E = {
						CreatedOnToolsVersion = 8.0;
						ProvisioningStyle = Automatic;
						TestTargetID = C9D337C31DA3985900CD196E;
					};
				};
			};
			buildConfigurationList = C9D337BF1DA3985900CD196E /* Build configuration list for PBXProject "Hello-iOS" */;
			compatibilityVersion = "Xcode 3.2";
			developmentRegion = English;
			hasScannedForEncodings = 0;
			knownRegions = (
				en,
				Base,
			);
			mainGroup = C9D337BB1DA3985900CD196E;
			productRefGroup = C9D337C51DA3985900CD196E /* Products */;
			projectDirPath = "";
			projectRoot = "";
			targets = (
				C9D337C31DA3985900CD196E /* Hello-iOS */,
				C9D337D71DA3985900CD196E /* Hello-iOSTests */,
				C9D337E21DA3985900CD196E /* Hello-iOSUITests */,
			);
		};
/* End PBXProject section */

/* Begin PBXResourcesBuildPhase section */
		C9D337C21DA3985900CD196E /* Resources */ = {
			isa = PBXResourcesBuildPhase;
			buildActionMask = 2147483647;
			files = (
				C9D337D21DA3985900CD196E /* LaunchScreen.storyboard in Resources */,
				C9D337CF1DA3985900CD196E /* Assets.xcassets in Resources */,
				C9D337CD1DA3985900CD196E /* Main.storyboard in Resources */,
			);
			runOnlyForDeploymentPostprocessing = 0;
		};
		C9D337D61DA3985900CD196E /* Resources */ = {
			isa = PBXResourcesBuildPhase;
			buildActionMask = 2147483647;
			files = (
			);
			runOnlyForDeploymentPostprocessing = 0;
		};
		C9D337E11DA3985900CD196E /* Resources */ = {
			isa = PBXResourcesBuildPhase;
			buildActionMask = 2147483647;
			files = (
			);
			runOnlyForDeploymentPostprocessing = 0;
		};
/* End PBXResourcesBuildPhase section */

/* Begin PBXSourcesBuildPhase section */
		C9D337C01DA3985900CD196E /* Sources */ = {
			isa = PBXSourcesBuildPhase;
			buildActionMask = 2147483647;
			files = (
				C9D337CA1DA3985900CD196E /* ViewController.swift in Sources */,
				C9D337C81DA3985900CD196E /* AppDelegate.swift in Sources */,
			);
			runOnlyForDeploymentPostprocessing = 0;
		};
		C9D337D41DA3985900CD196E /* Sources */ = {
			isa = PBXSourcesBuildPhase;
			buildActionMask = 2147483647;
			files = (
				C9D337DD1DA3985900CD196E /* Hello_iOSTests.swift in Sources */,
			);
			runOnlyForDeploymentPostprocessing = 0;
		};
		C9D337DF1DA3985900CD196E /* Sources */ = {
			isa = PBXSourcesBuildPhase;
			buildActionMask = 2147483647;
			files = (
				C9D337E81DA3985900CD196E /* Hello_iOSUITests.swift in Sources */,
			);
			runOnlyForDeploymentPostprocessing = 0;
		};
/* End PBXSourcesBuildPhase section */

/* Begin PBXTargetDependency section */
		C9D337DA1DA3985900CD196E /* PBXTargetDependency */ = {
			isa = PBXTargetDependency;
			target = C9D337C31DA3985900CD196E /* Hello-iOS */;
			targetProxy = C9D337D91DA3985900CD196E /* PBXContainerItemProxy */;
		};
		C9D337E51DA3985900CD196E /* PBXTargetDependency */ = {
			isa = PBXTargetDependency;
			target = C9D337C31DA3985900CD196E /* Hello-iOS */;
			targetProxy = C9D337E41DA3985900CD196E /* PBXContainerItemProxy */;
		};
/* End PBXTargetDependency section */

/* Begin PBXVariantGroup section */
		C9D337CB1DA3985900CD196E /* Main.storyboard */ = {
			isa = PBXVariantGroup;
			children = (
				C9D337CC1DA3985900CD196E /* Base */,
			);
			name = Main.storyboard;
			sourceTree = "<group>";
		};
		C9D337D01DA3985900CD196E /* LaunchScreen.storyboard */ = {
			isa = PBXVariantGroup;
			children = (
				C9D337D11DA3985900CD196E /* Base */,
			);
			name = LaunchScreen.storyboard;
			sourceTree = "<group>";
		};
/* End PBXVariantGroup section */

/* Begin XCBuildConfiguration section */
		C9D337EA1DA3985900CD196E /* Debug */ = {
			isa = XCBuildConfiguration;
			buildSettings = {
				ALWAYS_SEARCH_USER_PATHS = NO;
				CLANG_ANALYZER_NONNULL = YES;
				CLANG_CXX_LANGUAGE_STANDARD = "gnu++0x";
				CLANG_CXX_LIBRARY = "libc++";
				CLANG_ENABLE_MODULES = YES;
				CLANG_ENABLE_OBJC_ARC = YES;
				CLANG_WARN_BOOL_CONVERSION = YES;
				CLANG_WARN_CONSTANT_CONVERSION = YES;
				CLANG_WARN_DIRECT_OBJC_ISA_USAGE = YES_ERROR;
				CLANG_WARN_DOCUMENTATION_COMMENTS = YES;
				CLANG_WARN_EMPTY_BODY = YES;
				CLANG_WARN_ENUM_CONVERSION = YES;
				CLANG_WARN_INFINITE_RECURSION = YES;
				CLANG_WARN_INT_CONVERSION = YES;
				CLANG_WARN_OBJC_ROOT_CLASS = YES_ERROR;
				CLANG_WARN_SUSPICIOUS_MOVES = YES;
				CLANG_WARN_UNREACHABLE_CODE = YES;
				CLANG_WARN__DUPLICATE_METHOD_MATCH = YES;
				"CODE_SIGN_IDENTITY[sdk=iphoneos*]" = "iPhone Developer";
				COPY_PHASE_STRIP = NO;
				DEBUG_INFORMATION_FORMAT = dwarf;
				ENABLE_STRICT_OBJC_MSGSEND = YES;
				ENABLE_TESTABILITY = YES;
				GCC_C_LANGUAGE_STANDARD = gnu99;
				GCC_DYNAMIC_NO_PIC = NO;
				GCC_NO_COMMON_BLOCKS = YES;
				GCC_OPTIMIZATION_LEVEL = 0;
				GCC_PREPROCESSOR_DEFINITIONS = (
					"DEBUG=1",
					"$(inherited)",
				);
				GCC_WARN_64_TO_32_BIT_CONVERSION = YES;
				GCC_WARN_ABOUT_RETURN_TYPE = YES_ERROR;
				GCC_WARN_UNDECLARED_SELECTOR = YES;
				GCC_WARN_UNINITIALIZED_AUTOS = YES_AGGRESSIVE;
				GCC_WARN_UNUSED_FUNCTION = YES;
				GCC_WARN_UNUSED_VARIABLE = YES;
				IPHONEOS_DEPLOYMENT_TARGET = 10.0;
				MTL_ENABLE_DEBUG_INFO = YES;
				ONLY_ACTIVE_ARCH = YES;
				SDKROOT = iphoneos;
				SWIFT_ACTIVE_COMPILATION_CONDITIONS = DEBUG;
				SWIFT_OPTIMIZATION_LEVEL = "-Onone";
				TARGETED_DEVICE_FAMILY = "1,2";
			};
			name = Debug;
		};
		C9D337EB1DA3985900CD196E /* Release */ = {
			isa = XCBuildConfiguration;
			buildSettings = {
				ALWAYS_SEARCH_USER_PATHS = NO;
				CLANG_ANALYZER_NONNULL = YES;
				CLANG_CXX_LANGUAGE_STANDARD = "gnu++0x";
				CLANG_CXX_LIBRARY = "libc++";
				CLANG_ENABLE_MODULES = YES;
				CLANG_ENABLE_OBJC_ARC = YES;
				CLANG_WARN_BOOL_CONVERSION = YES;
				CLANG_WARN_CONSTANT_CONVERSION = YES;
				CLANG_WARN_DIRECT_OBJC_ISA_USAGE = YES_ERROR;
				CLANG_WARN_DOCUMENTATION_COMMENTS = YES;
				CLANG_WARN_EMPTY_BODY = YES;
				CLANG_WARN_ENUM_CONVERSION = YES;
				CLANG_WARN_INFINITE_RECURSION = YES;
				CLANG_WARN_INT_CONVERSION = YES;
				CLANG_WARN_OBJC_ROOT_CLASS = YES_ERROR;
				CLANG_WARN_SUSPICIOUS_MOVES = YES;
				CLANG_WARN_UNREACHABLE_CODE = YES;
				CLANG_WARN__DUPLICATE_METHOD_MATCH = YES;
				"CODE_SIGN_IDENTITY[sdk=iphoneos*]" = "iPhone Developer";
				COPY_PHASE_STRIP = NO;
				DEBUG_INFORMATION_FORMAT = "dwarf-with-dsym";
				ENABLE_NS_ASSERTIONS = NO;
				ENABLE_STRICT_OBJC_MSGSEND = YES;
				GCC_C_LANGUAGE_STANDARD = gnu99;
				GCC_NO_COMMON_BLOCKS = YES;
				GCC_WARN_64_TO_32_BIT_CONVERSION = YES;
				GCC_WARN_ABOUT_RETURN_TYPE = YES_ERROR;
				GCC_WARN_UNDECLARED_SELECTOR = YES;
				GCC_WARN_UNINITIALIZED_AUTOS = YES_AGGRESSIVE;
				GCC_WARN_UNUSED_FUNCTION = YES;
				GCC_WARN_UNUSED_VARIABLE = YES;
				IPHONEOS_DEPLOYMENT_TARGET = 10.0;
				MTL_ENABLE_DEBUG_INFO = NO;
				SDKROOT = iphoneos;
				SWIFT_OPTIMIZATION_LEVEL = "-Owholemodule";
				TARGETED_DEVICE_FAMILY = "1,2";
				VALIDATE_PRODUCT = YES;
			};
			name = Release;
		};
		C9D337ED1DA3985900CD196E /* Debug */ = {
			isa = XCBuildConfiguration;
			buildSettings = {
				ASSETCATALOG_COMPILER_APPICON_NAME = AppIcon;
				DEVELOPMENT_TEAM = ETMQ5VFD4P;
				INFOPLIST_FILE = "Hello-iOS/Info.plist";
				LD_RUNPATH_SEARCH_PATHS = "$(inherited) @executable_path/Frameworks";
				PRODUCT_BUNDLE_IDENTIFIER = "MatthewBond.Hello-iOS";
				PRODUCT_NAME = "$(TARGET_NAME)";
				SWIFT_VERSION = 3.0;
			};
			name = Debug;
		};
		C9D337EE1DA3985900CD196E /* Release */ = {
			isa = XCBuildConfiguration;
			buildSettings = {
				ASSETCATALOG_COMPILER_APPICON_NAME = AppIcon;
				DEVELOPMENT_TEAM = ETMQ5VFD4P;
				INFOPLIST_FILE = "Hello-iOS/Info.plist";
				LD_RUNPATH_SEARCH_PATHS = "$(inherited) @executable_path/Frameworks";
				PRODUCT_BUNDLE_IDENTIFIER = "MatthewBond.Hello-iOS";
				PRODUCT_NAME = "$(TARGET_NAME)";
				SWIFT_VERSION = 3.0;
			};
			name = Release;
		};
		C9D337F01DA3985900CD196E /* Debug */ = {
			isa = XCBuildConfiguration;
			buildSettings = {
				ALWAYS_EMBED_SWIFT_STANDARD_LIBRARIES = YES;
				BUNDLE_LOADER = "$(TEST_HOST)";
				INFOPLIST_FILE = "Hello-iOSTests/Info.plist";
				LD_RUNPATH_SEARCH_PATHS = "$(inherited) @executable_path/Frameworks @loader_path/Frameworks";
				PRODUCT_BUNDLE_IDENTIFIER = "MatthewBond.Hello-iOSTests";
				PRODUCT_NAME = "$(TARGET_NAME)";
				SWIFT_VERSION = 3.0;
				TEST_HOST = "$(BUILT_PRODUCTS_DIR)/Hello-iOS.app/Hello-iOS";
			};
			name = Debug;
		};
		C9D337F11DA3985900CD196E /* Release */ = {
			isa = XCBuildConfiguration;
			buildSettings = {
				ALWAYS_EMBED_SWIFT_STANDARD_LIBRARIES = YES;
				BUNDLE_LOADER = "$(TEST_HOST)";
				INFOPLIST_FILE = "Hello-iOSTests/Info.plist";
				LD_RUNPATH_SEARCH_PATHS = "$(inherited) @executable_path/Frameworks @loader_path/Frameworks";
				PRODUCT_BUNDLE_IDENTIFIER = "MatthewBond.Hello-iOSTests";
				PRODUCT_NAME = "$(TARGET_NAME)";
				SWIFT_VERSION = 3.0;
				TEST_HOST = "$(BUILT_PRODUCTS_DIR)/Hello-iOS.app/Hello-iOS";
			};
			name = Release;
		};
		C9D337F31DA3985900CD196E /* Debug */ = {
			isa = XCBuildConfiguration;
			buildSettings = {
				ALWAYS_EMBED_SWIFT_STANDARD_LIBRARIES = YES;
				INFOPLIST_FILE = "Hello-iOSUITests/Info.plist";
				LD_RUNPATH_SEARCH_PATHS = "$(inherited) @executable_path/Frameworks @loader_path/Frameworks";
				PRODUCT_BUNDLE_IDENTIFIER = "MatthewBond.Hello-iOSUITests";
				PRODUCT_NAME = "$(TARGET_NAME)";
				SWIFT_VERSION = 3.0;
				TEST_TARGET_NAME = "Hello-iOS";
			};
			name = Debug;
		};
		C9D337F41DA3985900CD196E /* Release */ = {
			isa = XCBuildConfiguration;
			buildSettings = {
				ALWAYS_EMBED_SWIFT_STANDARD_LIBRARIES = YES;
				INFOPLIST_FILE = "Hello-iOSUITests/Info.plist";
				LD_RUNPATH_SEARCH_PATHS = "$(inherited) @executable_path/Frameworks @loader_path/Frameworks";
				PRODUCT_BUNDLE_IDENTIFIER = "MatthewBond.Hello-iOSUITests";
				PRODUCT_NAME = "$(TARGET_NAME)";
				SWIFT_VERSION = 3.0;
				TEST_TARGET_NAME = "Hello-iOS";
			};
			name = Release;
		};
/* End XCBuildConfiguration section */

/* Begin XCConfigurationList section */
		C9D337BF1DA3985900CD196E /* Build configuration list for PBXProject "Hello-iOS" */ = {
			isa = XCConfigurationList;
			buildConfigurations = (
				C9D337EA1DA3985900CD196E /* Debug */,
				C9D337EB1DA3985900CD196E /* Release */,
			);
			defaultConfigurationIsVisible = 0;
			defaultConfigurationName = Release;
		};
		C9D337EC1DA3985900CD196E /* Build configuration list for PBXNativeTarget "Hello-iOS" */ = {
			isa = XCConfigurationList;
			buildConfigurations = (
				C9D337ED1DA3985900CD196E /* Debug */,
				C9D337EE1DA3985900CD196E /* Release */,
			);
			defaultConfigurationIsVisible = 0;
			defaultConfigurationName = Release;
		};
		C9D337EF1DA3985900CD196E /* Build configuration list for PBXNativeTarget "Hello-iOSTests" */ = {
			isa = XCConfigurationList;
			buildConfigurations = (
				C9D337F01DA3985900CD196E /* Debug */,
				C9D337F11DA3985900CD196E /* Release */,
			);
			defaultConfigurationIsVisible = 0;
			defaultConfigurationName = Release;
		};
		C9D337F21DA3985900CD196E /* Build configuration list for PBXNativeTarget "Hello-iOSUITests" */ = {
			isa = XCConfigurationList;
			buildConfigurations = (
				C9D337F31DA3985900CD196E /* Debug */,
				C9D337F41DA3985900CD196E /* Release */,
			);
			defaultConfigurationIsVisible = 0;
			defaultConfigurationName = Release;
		};
/* End XCConfigurationList section */
	};
	rootObject = C9D337BC1DA3985900CD196E /* Project object */;
}
